// !$*UTF8*$!
{
	archiveVersion = 1;
	classes = {
	};
	objectVersion = 46;
	objects = {

/* Begin PBXBuildFile section */
		43AA353814D999AF00670E46 /* UIKit.framework in Frameworks */ = {isa = PBXBuildFile; fileRef = 43AA353714D999AF00670E46 /* UIKit.framework */; };
		43AA353A14D999AF00670E46 /* Foundation.framework in Frameworks */ = {isa = PBXBuildFile; fileRef = 43AA353914D999AF00670E46 /* Foundation.framework */; };
		43AA353C14D999AF00670E46 /* CoreGraphics.framework in Frameworks */ = {isa = PBXBuildFile; fileRef = 43AA353B14D999AF00670E46 /* CoreGraphics.framework */; };
		43AA354214D999AF00670E46 /* InfoPlist.strings in Resources */ = {isa = PBXBuildFile; fileRef = 43AA354014D999AF00670E46 /* InfoPlist.strings */; };
		43AA354414D999AF00670E46 /* main.m in Sources */ = {isa = PBXBuildFile; fileRef = 43AA354314D999AF00670E46 /* main.m */; };
		43AA354814D999B000670E46 /* NetHackAppDelegate.m in Sources */ = {isa = PBXBuildFile; fileRef = 43AA354714D999B000670E46 /* NetHackAppDelegate.m */; };
		43AA357A14D99A8400670E46 /* CGPointMath.m in Sources */ = {isa = PBXBuildFile; fileRef = 43AA355B14D99A8400670E46 /* CGPointMath.m */; };
		43AA357B14D99A8400670E46 /* GlobalConfig.m in Sources */ = {isa = PBXBuildFile; fileRef = 43AA355D14D99A8400670E46 /* GlobalConfig.m */; };
		43AA357C14D99A8400670E46 /* NHAction.m in Sources */ = {isa = PBXBuildFile; fileRef = 43AA356014D99A8400670E46 /* NHAction.m */; };
		43AA357D14D99A8400670E46 /* NHCondition.m in Sources */ = {isa = PBXBuildFile; fileRef = 43AA356214D99A8400670E46 /* NHCondition.m */; };
		43AA357E14D99A8400670E46 /* NHMapWindow.m in Sources */ = {isa = PBXBuildFile; fileRef = 43AA356514D99A8400670E46 /* NHMapWindow.m */; };
		43AA357F14D99A8400670E46 /* NHMenuItem.m in Sources */ = {isa = PBXBuildFile; fileRef = 43AA356714D99A8400670E46 /* NHMenuItem.m */; };
		43AA358014D99A8400670E46 /* NHMenuWindow.m in Sources */ = {isa = PBXBuildFile; fileRef = 43AA356914D99A8400670E46 /* NHMenuWindow.m */; };
		43AA358114D99A8400670E46 /* NHMessageLine.m in Sources */ = {isa = PBXBuildFile; fileRef = 43AA356B14D99A8400670E46 /* NHMessageLine.m */; };
		43AA358214D99A8400670E46 /* NHMessageWindow.m in Sources */ = {isa = PBXBuildFile; fileRef = 43AA356D14D99A8400670E46 /* NHMessageWindow.m */; };
		43AA358314D99A8400670E46 /* NHPoskey.m in Sources */ = {isa = PBXBuildFile; fileRef = 43AA356F14D99A8400670E46 /* NHPoskey.m */; };
		43AA358414D99A8400670E46 /* NHStatusWindow.m in Sources */ = {isa = PBXBuildFile; fileRef = 43AA357114D99A8400670E46 /* NHStatusWindow.m */; };
		43AA358514D99A8400670E46 /* NHTextWindow.m in Sources */ = {isa = PBXBuildFile; fileRef = 43AA357314D99A8400670E46 /* NHTextWindow.m */; };
		43AA358614D99A8400670E46 /* NHWindow.m in Sources */ = {isa = PBXBuildFile; fileRef = 43AA357514D99A8400670E46 /* NHWindow.m */; };
		43AA358714D99A8400670E46 /* NHYNQuestion.m in Sources */ = {isa = PBXBuildFile; fileRef = 43AA357714D99A8400670E46 /* NHYNQuestion.m */; };
		43AA358814D99A8400670E46 /* winios.m in Sources */ = {isa = PBXBuildFile; fileRef = 43AA357914D99A8400670E46 /* winios.m */; };
/* End PBXBuildFile section */

/* Begin PBXFileReference section */
		43AA353314D999AF00670E46 /* NetHack.app */ = {isa = PBXFileReference; explicitFileType = wrapper.application; includeInIndex = 0; path = NetHack.app; sourceTree = BUILT_PRODUCTS_DIR; };
		43AA353714D999AF00670E46 /* UIKit.framework */ = {isa = PBXFileReference; lastKnownFileType = wrapper.framework; name = UIKit.framework; path = System/Library/Frameworks/UIKit.framework; sourceTree = SDKROOT; };
		43AA353914D999AF00670E46 /* Foundation.framework */ = {isa = PBXFileReference; lastKnownFileType = wrapper.framework; name = Foundation.framework; path = System/Library/Frameworks/Foundation.framework; sourceTree = SDKROOT; };
		43AA353B14D999AF00670E46 /* CoreGraphics.framework */ = {isa = PBXFileReference; lastKnownFileType = wrapper.framework; name = CoreGraphics.framework; path = System/Library/Frameworks/CoreGraphics.framework; sourceTree = SDKROOT; };
		43AA353F14D999AF00670E46 /* NetHack-Info.plist */ = {isa = PBXFileReference; lastKnownFileType = text.plist.xml; path = "NetHack-Info.plist"; sourceTree = "<group>"; };
		43AA354114D999AF00670E46 /* en */ = {isa = PBXFileReference; lastKnownFileType = text.plist.strings; name = en; path = en.lproj/InfoPlist.strings; sourceTree = "<group>"; };
		43AA354314D999AF00670E46 /* main.m */ = {isa = PBXFileReference; lastKnownFileType = sourcecode.c.objc; path = main.m; sourceTree = "<group>"; };
		43AA354514D999B000670E46 /* NetHack-Prefix.pch */ = {isa = PBXFileReference; lastKnownFileType = sourcecode.c.h; path = "NetHack-Prefix.pch"; sourceTree = "<group>"; };
		43AA354614D999B000670E46 /* NetHackAppDelegate.h */ = {isa = PBXFileReference; lastKnownFileType = sourcecode.c.h; path = NetHackAppDelegate.h; sourceTree = "<group>"; };
		43AA354714D999B000670E46 /* NetHackAppDelegate.m */ = {isa = PBXFileReference; lastKnownFileType = sourcecode.c.objc; path = NetHackAppDelegate.m; sourceTree = "<group>"; };
		43AA355814D99A8400670E46 /* DLog.h */ = {isa = PBXFileReference; fileEncoding = 4; lastKnownFileType = sourcecode.c.h; path = DLog.h; sourceTree = "<group>"; };
		43AA355A14D99A8400670E46 /* CGPointMath.h */ = {isa = PBXFileReference; fileEncoding = 4; lastKnownFileType = sourcecode.c.h; path = CGPointMath.h; sourceTree = "<group>"; };
		43AA355B14D99A8400670E46 /* CGPointMath.m */ = {isa = PBXFileReference; fileEncoding = 4; lastKnownFileType = sourcecode.c.objc; path = CGPointMath.m; sourceTree = "<group>"; };
		43AA355C14D99A8400670E46 /* GlobalConfig.h */ = {isa = PBXFileReference; fileEncoding = 4; lastKnownFileType = sourcecode.c.h; path = GlobalConfig.h; sourceTree = "<group>"; };
		43AA355D14D99A8400670E46 /* GlobalConfig.m */ = {isa = PBXFileReference; fileEncoding = 4; lastKnownFileType = sourcecode.c.objc; path = GlobalConfig.m; sourceTree = "<group>"; };
		43AA355F14D99A8400670E46 /* NHAction.h */ = {isa = PBXFileReference; fileEncoding = 4; lastKnownFileType = sourcecode.c.h; path = NHAction.h; sourceTree = "<group>"; };
		43AA356014D99A8400670E46 /* NHAction.m */ = {isa = PBXFileReference; fileEncoding = 4; lastKnownFileType = sourcecode.c.objc; path = NHAction.m; sourceTree = "<group>"; };
		43AA356114D99A8400670E46 /* NHCondition.h */ = {isa = PBXFileReference; fileEncoding = 4; lastKnownFileType = sourcecode.c.h; path = NHCondition.h; sourceTree = "<group>"; };
		43AA356214D99A8400670E46 /* NHCondition.m */ = {isa = PBXFileReference; fileEncoding = 4; lastKnownFileType = sourcecode.c.objc; path = NHCondition.m; sourceTree = "<group>"; };
		43AA356314D99A8400670E46 /* NHHandler.h */ = {isa = PBXFileReference; fileEncoding = 4; lastKnownFileType = sourcecode.c.h; path = NHHandler.h; sourceTree = "<group>"; };
		43AA356414D99A8400670E46 /* NHMapWindow.h */ = {isa = PBXFileReference; fileEncoding = 4; lastKnownFileType = sourcecode.c.h; path = NHMapWindow.h; sourceTree = "<group>"; };
		43AA356514D99A8400670E46 /* NHMapWindow.m */ = {isa = PBXFileReference; fileEncoding = 4; lastKnownFileType = sourcecode.c.objc; path = NHMapWindow.m; sourceTree = "<group>"; };
		43AA356614D99A8400670E46 /* NHMenuItem.h */ = {isa = PBXFileReference; fileEncoding = 4; lastKnownFileType = sourcecode.c.h; path = NHMenuItem.h; sourceTree = "<group>"; };
		43AA356714D99A8400670E46 /* NHMenuItem.m */ = {isa = PBXFileReference; fileEncoding = 4; lastKnownFileType = sourcecode.c.objc; path = NHMenuItem.m; sourceTree = "<group>"; };
		43AA356814D99A8400670E46 /* NHMenuWindow.h */ = {isa = PBXFileReference; fileEncoding = 4; lastKnownFileType = sourcecode.c.h; path = NHMenuWindow.h; sourceTree = "<group>"; };
		43AA356914D99A8400670E46 /* NHMenuWindow.m */ = {isa = PBXFileReference; fileEncoding = 4; lastKnownFileType = sourcecode.c.objc; path = NHMenuWindow.m; sourceTree = "<group>"; };
		43AA356A14D99A8400670E46 /* NHMessageLine.h */ = {isa = PBXFileReference; fileEncoding = 4; lastKnownFileType = sourcecode.c.h; path = NHMessageLine.h; sourceTree = "<group>"; };
		43AA356B14D99A8400670E46 /* NHMessageLine.m */ = {isa = PBXFileReference; fileEncoding = 4; lastKnownFileType = sourcecode.c.objc; path = NHMessageLine.m; sourceTree = "<group>"; };
		43AA356C14D99A8400670E46 /* NHMessageWindow.h */ = {isa = PBXFileReference; fileEncoding = 4; lastKnownFileType = sourcecode.c.h; path = NHMessageWindow.h; sourceTree = "<group>"; };
		43AA356D14D99A8400670E46 /* NHMessageWindow.m */ = {isa = PBXFileReference; fileEncoding = 4; lastKnownFileType = sourcecode.c.objc; path = NHMessageWindow.m; sourceTree = "<group>"; };
		43AA356E14D99A8400670E46 /* NHPoskey.h */ = {isa = PBXFileReference; fileEncoding = 4; lastKnownFileType = sourcecode.c.h; path = NHPoskey.h; sourceTree = "<group>"; };
		43AA356F14D99A8400670E46 /* NHPoskey.m */ = {isa = PBXFileReference; fileEncoding = 4; lastKnownFileType = sourcecode.c.objc; path = NHPoskey.m; sourceTree = "<group>"; };
		43AA357014D99A8400670E46 /* NHStatusWindow.h */ = {isa = PBXFileReference; fileEncoding = 4; lastKnownFileType = sourcecode.c.h; path = NHStatusWindow.h; sourceTree = "<group>"; };
		43AA357114D99A8400670E46 /* NHStatusWindow.m */ = {isa = PBXFileReference; fileEncoding = 4; lastKnownFileType = sourcecode.c.objc; path = NHStatusWindow.m; sourceTree = "<group>"; };
		43AA357214D99A8400670E46 /* NHTextWindow.h */ = {isa = PBXFileReference; fileEncoding = 4; lastKnownFileType = sourcecode.c.h; path = NHTextWindow.h; sourceTree = "<group>"; };
		43AA357314D99A8400670E46 /* NHTextWindow.m */ = {isa = PBXFileReference; fileEncoding = 4; lastKnownFileType = sourcecode.c.objc; path = NHTextWindow.m; sourceTree = "<group>"; };
		43AA357414D99A8400670E46 /* NHWindow.h */ = {isa = PBXFileReference; fileEncoding = 4; lastKnownFileType = sourcecode.c.h; path = NHWindow.h; sourceTree = "<group>"; };
		43AA357514D99A8400670E46 /* NHWindow.m */ = {isa = PBXFileReference; fileEncoding = 4; lastKnownFileType = sourcecode.c.objc; path = NHWindow.m; sourceTree = "<group>"; };
		43AA357614D99A8400670E46 /* NHYNQuestion.h */ = {isa = PBXFileReference; fileEncoding = 4; lastKnownFileType = sourcecode.c.h; path = NHYNQuestion.h; sourceTree = "<group>"; };
		43AA357714D99A8400670E46 /* NHYNQuestion.m */ = {isa = PBXFileReference; fileEncoding = 4; lastKnownFileType = sourcecode.c.objc; path = NHYNQuestion.m; sourceTree = "<group>"; };
		43AA357814D99A8400670E46 /* winios.h */ = {isa = PBXFileReference; fileEncoding = 4; lastKnownFileType = sourcecode.c.h; path = winios.h; sourceTree = "<group>"; };
		43AA357914D99A8400670E46 /* winios.m */ = {isa = PBXFileReference; fileEncoding = 4; lastKnownFileType = sourcecode.c.objc; path = winios.m; sourceTree = "<group>"; };
/* End PBXFileReference section */

/* Begin PBXFrameworksBuildPhase section */
		43AA353014D999AF00670E46 /* Frameworks */ = {
			isa = PBXFrameworksBuildPhase;
			buildActionMask = 2147483647;
			files = (
				43AA353814D999AF00670E46 /* UIKit.framework in Frameworks */,
				43AA353A14D999AF00670E46 /* Foundation.framework in Frameworks */,
				43AA353C14D999AF00670E46 /* CoreGraphics.framework in Frameworks */,
			);
			runOnlyForDeploymentPostprocessing = 0;
		};
/* End PBXFrameworksBuildPhase section */

/* Begin PBXGroup section */
		43AA352814D999AF00670E46 = {
			isa = PBXGroup;
			children = (
				43AA353D14D999AF00670E46 /* NetHack */,
				43AA353614D999AF00670E46 /* Frameworks */,
				43AA353414D999AF00670E46 /* Products */,
			);
			sourceTree = "<group>";
		};
		43AA353414D999AF00670E46 /* Products */ = {
			isa = PBXGroup;
			children = (
				43AA353314D999AF00670E46 /* NetHack.app */,
			);
			name = Products;
			sourceTree = "<group>";
		};
		43AA353614D999AF00670E46 /* Frameworks */ = {
			isa = PBXGroup;
			children = (
				43AA353714D999AF00670E46 /* UIKit.framework */,
				43AA353914D999AF00670E46 /* Foundation.framework */,
				43AA353B14D999AF00670E46 /* CoreGraphics.framework */,
			);
			name = Frameworks;
			sourceTree = "<group>";
		};
		43AA353D14D999AF00670E46 /* NetHack */ = {
			isa = PBXGroup;
			children = (
				43AA355714D99A8400670E46 /* DLog */,
				43AA355914D99A8400670E46 /* Util */,
				43AA355E14D99A8400670E46 /* Windows */,
				43AA354614D999B000670E46 /* NetHackAppDelegate.h */,
				43AA354714D999B000670E46 /* NetHackAppDelegate.m */,
				43AA353E14D999AF00670E46 /* Supporting Files */,
			);
			path = NetHack;
			sourceTree = "<group>";
		};
		43AA353E14D999AF00670E46 /* Supporting Files */ = {
			isa = PBXGroup;
			children = (
				43AA353F14D999AF00670E46 /* NetHack-Info.plist */,
				43AA354014D999AF00670E46 /* InfoPlist.strings */,
				43AA354314D999AF00670E46 /* main.m */,
				43AA354514D999B000670E46 /* NetHack-Prefix.pch */,
			);
			name = "Supporting Files";
			sourceTree = "<group>";
		};
		43AA355714D99A8400670E46 /* DLog */ = {
			isa = PBXGroup;
			children = (
				43AA355814D99A8400670E46 /* DLog.h */,
			);
			path = DLog;
			sourceTree = SOURCE_ROOT;
		};
		43AA355914D99A8400670E46 /* Util */ = {
			isa = PBXGroup;
			children = (
				43AA355A14D99A8400670E46 /* CGPointMath.h */,
				43AA355B14D99A8400670E46 /* CGPointMath.m */,
				43AA355C14D99A8400670E46 /* GlobalConfig.h */,
				43AA355D14D99A8400670E46 /* GlobalConfig.m */,
			);
			path = Util;
			sourceTree = SOURCE_ROOT;
		};
		43AA355E14D99A8400670E46 /* Windows */ = {
			isa = PBXGroup;
			children = (
				43AA355F14D99A8400670E46 /* NHAction.h */,
				43AA356014D99A8400670E46 /* NHAction.m */,
				43AA356114D99A8400670E46 /* NHCondition.h */,
				43AA356214D99A8400670E46 /* NHCondition.m */,
				43AA356314D99A8400670E46 /* NHHandler.h */,
				43AA356414D99A8400670E46 /* NHMapWindow.h */,
				43AA356514D99A8400670E46 /* NHMapWindow.m */,
				43AA356614D99A8400670E46 /* NHMenuItem.h */,
				43AA356714D99A8400670E46 /* NHMenuItem.m */,
				43AA356814D99A8400670E46 /* NHMenuWindow.h */,
				43AA356914D99A8400670E46 /* NHMenuWindow.m */,
				43AA356A14D99A8400670E46 /* NHMessageLine.h */,
				43AA356B14D99A8400670E46 /* NHMessageLine.m */,
				43AA356C14D99A8400670E46 /* NHMessageWindow.h */,
				43AA356D14D99A8400670E46 /* NHMessageWindow.m */,
				43AA356E14D99A8400670E46 /* NHPoskey.h */,
				43AA356F14D99A8400670E46 /* NHPoskey.m */,
				43AA357014D99A8400670E46 /* NHStatusWindow.h */,
				43AA357114D99A8400670E46 /* NHStatusWindow.m */,
				43AA357214D99A8400670E46 /* NHTextWindow.h */,
				43AA357314D99A8400670E46 /* NHTextWindow.m */,
				43AA357414D99A8400670E46 /* NHWindow.h */,
				43AA357514D99A8400670E46 /* NHWindow.m */,
				43AA357614D99A8400670E46 /* NHYNQuestion.h */,
				43AA357714D99A8400670E46 /* NHYNQuestion.m */,
				43AA357814D99A8400670E46 /* winios.h */,
				43AA357914D99A8400670E46 /* winios.m */,
			);
			path = Windows;
			sourceTree = SOURCE_ROOT;
		};
/* End PBXGroup section */

/* Begin PBXNativeTarget section */
		43AA353214D999AF00670E46 /* NetHack */ = {
			isa = PBXNativeTarget;
			buildConfigurationList = 43AA354B14D999B000670E46 /* Build configuration list for PBXNativeTarget "NetHack" */;
			buildPhases = (
				43AA352F14D999AF00670E46 /* Sources */,
				43AA353014D999AF00670E46 /* Frameworks */,
				43AA353114D999AF00670E46 /* Resources */,
			);
			buildRules = (
			);
			dependencies = (
			);
			name = NetHack;
			productName = NetHack;
			productReference = 43AA353314D999AF00670E46 /* NetHack.app */;
			productType = "com.apple.product-type.application";
		};
/* End PBXNativeTarget section */

/* Begin PBXProject section */
		43AA352A14D999AF00670E46 /* Project object */ = {
			isa = PBXProject;
			attributes = {
				LastUpgradeCheck = 0420;
			};
			buildConfigurationList = 43AA352D14D999AF00670E46 /* Build configuration list for PBXProject "NetHack" */;
			compatibilityVersion = "Xcode 3.2";
			developmentRegion = English;
			hasScannedForEncodings = 0;
			knownRegions = (
				en,
			);
			mainGroup = 43AA352814D999AF00670E46;
			productRefGroup = 43AA353414D999AF00670E46 /* Products */;
			projectDirPath = "";
			projectRoot = "";
			targets = (
				43AA353214D999AF00670E46 /* NetHack */,
			);
		};
/* End PBXProject section */

/* Begin PBXResourcesBuildPhase section */
		43AA353114D999AF00670E46 /* Resources */ = {
			isa = PBXResourcesBuildPhase;
			buildActionMask = 2147483647;
			files = (
				43AA354214D999AF00670E46 /* InfoPlist.strings in Resources */,
			);
			runOnlyForDeploymentPostprocessing = 0;
		};
/* End PBXResourcesBuildPhase section */

/* Begin PBXSourcesBuildPhase section */
		43AA352F14D999AF00670E46 /* Sources */ = {
			isa = PBXSourcesBuildPhase;
			buildActionMask = 2147483647;
			files = (
				43AA354414D999AF00670E46 /* main.m in Sources */,
				43AA354814D999B000670E46 /* NetHackAppDelegate.m in Sources */,
				43AA357A14D99A8400670E46 /* CGPointMath.m in Sources */,
				43AA357B14D99A8400670E46 /* GlobalConfig.m in Sources */,
				43AA357C14D99A8400670E46 /* NHAction.m in Sources */,
				43AA357D14D99A8400670E46 /* NHCondition.m in Sources */,
				43AA357E14D99A8400670E46 /* NHMapWindow.m in Sources */,
				43AA357F14D99A8400670E46 /* NHMenuItem.m in Sources */,
				43AA358014D99A8400670E46 /* NHMenuWindow.m in Sources */,
				43AA358114D99A8400670E46 /* NHMessageLine.m in Sources */,
				43AA358214D99A8400670E46 /* NHMessageWindow.m in Sources */,
				43AA358314D99A8400670E46 /* NHPoskey.m in Sources */,
				43AA358414D99A8400670E46 /* NHStatusWindow.m in Sources */,
				43AA358514D99A8400670E46 /* NHTextWindow.m in Sources */,
				43AA358614D99A8400670E46 /* NHWindow.m in Sources */,
				43AA358714D99A8400670E46 /* NHYNQuestion.m in Sources */,
				43AA358814D99A8400670E46 /* winios.m in Sources */,
			);
			runOnlyForDeploymentPostprocessing = 0;
		};
/* End PBXSourcesBuildPhase section */

/* Begin PBXVariantGroup section */
		43AA354014D999AF00670E46 /* InfoPlist.strings */ = {
			isa = PBXVariantGroup;
			children = (
				43AA354114D999AF00670E46 /* en */,
			);
			name = InfoPlist.strings;
			sourceTree = "<group>";
		};
/* End PBXVariantGroup section */

/* Begin XCBuildConfiguration section */
		43AA354914D999B000670E46 /* Debug */ = {
			isa = XCBuildConfiguration;
			buildSettings = {
				ALWAYS_SEARCH_USER_PATHS = NO;
				ARCHS = "$(ARCHS_STANDARD_32_BIT)";
				"CODE_SIGN_IDENTITY[sdk=iphoneos*]" = "iPhone Developer";
				COPY_PHASE_STRIP = NO;
				GCC_C_LANGUAGE_STANDARD = gnu99;
				GCC_DYNAMIC_NO_PIC = NO;
				GCC_OPTIMIZATION_LEVEL = 0;
				GCC_PREPROCESSOR_DEFINITIONS = "$(inherited)";
				GCC_SYMBOLS_PRIVATE_EXTERN = NO;
				GCC_VERSION = com.apple.compilers.llvm.clang.1_0;
				GCC_WARN_ABOUT_MISSING_PROTOTYPES = YES;
				GCC_WARN_ABOUT_RETURN_TYPE = YES;
				GCC_WARN_UNUSED_VARIABLE = YES;
				IPHONEOS_DEPLOYMENT_TARGET = 5.0;
				SDKROOT = iphoneos;
				TARGETED_DEVICE_FAMILY = 2;
			};
			name = Debug;
		};
		43AA354A14D999B000670E46 /* Release */ = {
			isa = XCBuildConfiguration;
			buildSettings = {
				ALWAYS_SEARCH_USER_PATHS = NO;
				ARCHS = "$(ARCHS_STANDARD_32_BIT)";
				"CODE_SIGN_IDENTITY[sdk=iphoneos*]" = "iPhone Developer";
				COPY_PHASE_STRIP = YES;
				GCC_C_LANGUAGE_STANDARD = gnu99;
				GCC_VERSION = com.apple.compilers.llvm.clang.1_0;
				GCC_WARN_ABOUT_MISSING_PROTOTYPES = YES;
				GCC_WARN_ABOUT_RETURN_TYPE = YES;
				GCC_WARN_UNUSED_VARIABLE = YES;
				IPHONEOS_DEPLOYMENT_TARGET = 5.0;
				OTHER_CFLAGS = "-DNS_BLOCK_ASSERTIONS=1";
				SDKROOT = iphoneos;
				TARGETED_DEVICE_FAMILY = 2;
				VALIDATE_PRODUCT = YES;
			};
			name = Release;
		};
		43AA354C14D999B000670E46 /* Debug */ = {
			isa = XCBuildConfiguration;
			buildSettings = {
				GCC_PRECOMPILE_PREFIX_HEADER = YES;
				GCC_PREFIX_HEADER = "NetHack/NetHack-Prefix.pch";
				INFOPLIST_FILE = "NetHack/NetHack-Info.plist";
				PRODUCT_NAME = "$(TARGET_NAME)";
				WRAPPER_EXTENSION = app;
			};
			name = Debug;
		};
		43AA354D14D999B000670E46 /* Release */ = {
			isa = XCBuildConfiguration;
			buildSettings = {
				GCC_PRECOMPILE_PREFIX_HEADER = YES;
				GCC_PREFIX_HEADER = "NetHack/NetHack-Prefix.pch";
				INFOPLIST_FILE = "NetHack/NetHack-Info.plist";
				PRODUCT_NAME = "$(TARGET_NAME)";
				WRAPPER_EXTENSION = app;
			};
			name = Release;
		};
/* End XCBuildConfiguration section */

/* Begin XCConfigurationList section */
		43AA352D14D999AF00670E46 /* Build configuration list for PBXProject "NetHack" */ = {
			isa = XCConfigurationList;
			buildConfigurations = (
				43AA354914D999B000670E46 /* Debug */,
				43AA354A14D999B000670E46 /* Release */,
			);
			defaultConfigurationIsVisible = 0;
			defaultConfigurationName = Release;
		};
		43AA354B14D999B000670E46 /* Build configuration list for PBXNativeTarget "NetHack" */ = {
			isa = XCConfigurationList;
			buildConfigurations = (
				43AA354C14D999B000670E46 /* Debug */,
				43AA354D14D999B000670E46 /* Release */,
			);
			defaultConfigurationIsVisible = 0;
			defaultConfigurationName = Release;
		};
/* End XCConfigurationList section */
	};
	rootObject = 43AA352A14D999AF00670E46 /* Project object */;
}
