// !$*UTF8*$!
{
	archiveVersion = 1;
	classes = {
	};
	objectVersion = 46;
	objects = {

/* Begin PBXBuildFile section */
		43AA353814D999AF00670E46 /* UIKit.framework in Frameworks */ = {isa = PBXBuildFile; fileRef = 43AA353714D999AF00670E46 /* UIKit.framework */; };
		43AA353A14D999AF00670E46 /* Foundation.framework in Frameworks */ = {isa = PBXBuildFile; fileRef = 43AA353914D999AF00670E46 /* Foundation.framework */; };
		43AA353C14D999AF00670E46 /* CoreGraphics.framework in Frameworks */ = {isa = PBXBuildFile; fileRef = 43AA353B14D999AF00670E46 /* CoreGraphics.framework */; };
		43AA354214D999AF00670E46 /* InfoPlist.strings in Resources */ = {isa = PBXBuildFile; fileRef = 43AA354014D999AF00670E46 /* InfoPlist.strings */; };
		43AA354414D999AF00670E46 /* main.m in Sources */ = {isa = PBXBuildFile; fileRef = 43AA354314D999AF00670E46 /* main.m */; };
		43AA354814D999B000670E46 /* NetHackAppDelegate.m in Sources */ = {isa = PBXBuildFile; fileRef = 43AA354714D999B000670E46 /* NetHackAppDelegate.m */; };
/* End PBXBuildFile section */

/* Begin PBXFileReference section */
		43AA353314D999AF00670E46 /* NetHack.app */ = {isa = PBXFileReference; explicitFileType = wrapper.application; includeInIndex = 0; path = NetHack.app; sourceTree = BUILT_PRODUCTS_DIR; };
		43AA353714D999AF00670E46 /* UIKit.framework */ = {isa = PBXFileReference; lastKnownFileType = wrapper.framework; name = UIKit.framework; path = System/Library/Frameworks/UIKit.framework; sourceTree = SDKROOT; };
		43AA353914D999AF00670E46 /* Foundation.framework */ = {isa = PBXFileReference; lastKnownFileType = wrapper.framework; name = Foundation.framework; path = System/Library/Frameworks/Foundation.framework; sourceTree = SDKROOT; };
		43AA353B14D999AF00670E46 /* CoreGraphics.framework */ = {isa = PBXFileReference; lastKnownFileType = wrapper.framework; name = CoreGraphics.framework; path = System/Library/Frameworks/CoreGraphics.framework; sourceTree = SDKROOT; };
		43AA353F14D999AF00670E46 /* NetHack-Info.plist */ = {isa = PBXFileReference; lastKnownFileType = text.plist.xml; path = "NetHack-Info.plist"; sourceTree = "<group>"; };
		43AA354114D999AF00670E46 /* en */ = {isa = PBXFileReference; lastKnownFileType = text.plist.strings; name = en; path = en.lproj/InfoPlist.strings; sourceTree = "<group>"; };
		43AA354314D999AF00670E46 /* main.m */ = {isa = PBXFileReference; lastKnownFileType = sourcecode.c.objc; path = main.m; sourceTree = "<group>"; };
		43AA354514D999B000670E46 /* NetHack-Prefix.pch */ = {isa = PBXFileReference; lastKnownFileType = sourcecode.c.h; path = "NetHack-Prefix.pch"; sourceTree = "<group>"; };
		43AA354614D999B000670E46 /* NetHackAppDelegate.h */ = {isa = PBXFileReference; lastKnownFileType = sourcecode.c.h; path = NetHackAppDelegate.h; sourceTree = "<group>"; };
		43AA354714D999B000670E46 /* NetHackAppDelegate.m */ = {isa = PBXFileReference; lastKnownFileType = sourcecode.c.objc; path = NetHackAppDelegate.m; sourceTree = "<group>"; };
/* End PBXFileReference section */

/* Begin PBXFrameworksBuildPhase section */
		43AA353014D999AF00670E46 /* Frameworks */ = {
			isa = PBXFrameworksBuildPhase;
			buildActionMask = 2147483647;
			files = (
				43AA353814D999AF00670E46 /* UIKit.framework in Frameworks */,
				43AA353A14D999AF00670E46 /* Foundation.framework in Frameworks */,
				43AA353C14D999AF00670E46 /* CoreGraphics.framework in Frameworks */,
			);
			runOnlyForDeploymentPostprocessing = 0;
		};
/* End PBXFrameworksBuildPhase section */

/* Begin PBXGroup section */
		43AA352814D999AF00670E46 = {
			isa = PBXGroup;
			children = (
				43AA353D14D999AF00670E46 /* NetHack */,
				43AA353614D999AF00670E46 /* Frameworks */,
				43AA353414D999AF00670E46 /* Products */,
			);
			sourceTree = "<group>";
		};
		43AA353414D999AF00670E46 /* Products */ = {
			isa = PBXGroup;
			children = (
				43AA353314D999AF00670E46 /* NetHack.app */,
			);
			name = Products;
			sourceTree = "<group>";
		};
		43AA353614D999AF00670E46 /* Frameworks */ = {
			isa = PBXGroup;
			children = (
				43AA353714D999AF00670E46 /* UIKit.framework */,
				43AA353914D999AF00670E46 /* Foundation.framework */,
				43AA353B14D999AF00670E46 /* CoreGraphics.framework */,
			);
			name = Frameworks;
			sourceTree = "<group>";
		};
		43AA353D14D999AF00670E46 /* NetHack */ = {
			isa = PBXGroup;
			children = (
				43AA354614D999B000670E46 /* NetHackAppDelegate.h */,
				43AA354714D999B000670E46 /* NetHackAppDelegate.m */,
				43AA353E14D999AF00670E46 /* Supporting Files */,
			);
			path = NetHack;
			sourceTree = "<group>";
		};
		43AA353E14D999AF00670E46 /* Supporting Files */ = {
			isa = PBXGroup;
			children = (
				43AA353F14D999AF00670E46 /* NetHack-Info.plist */,
				43AA354014D999AF00670E46 /* InfoPlist.strings */,
				43AA354314D999AF00670E46 /* main.m */,
				43AA354514D999B000670E46 /* NetHack-Prefix.pch */,
			);
			name = "Supporting Files";
			sourceTree = "<group>";
		};
/* End PBXGroup section */

/* Begin PBXNativeTarget section */
		43AA353214D999AF00670E46 /* NetHack */ = {
			isa = PBXNativeTarget;
			buildConfigurationList = 43AA354B14D999B000670E46 /* Build configuration list for PBXNativeTarget "NetHack" */;
			buildPhases = (
				43AA352F14D999AF00670E46 /* Sources */,
				43AA353014D999AF00670E46 /* Frameworks */,
				43AA353114D999AF00670E46 /* Resources */,
			);
			buildRules = (
			);
			dependencies = (
			);
			name = NetHack;
			productName = NetHack;
			productReference = 43AA353314D999AF00670E46 /* NetHack.app */;
			productType = "com.apple.product-type.application";
		};
/* End PBXNativeTarget section */

/* Begin PBXProject section */
		43AA352A14D999AF00670E46 /* Project object */ = {
			isa = PBXProject;
			attributes = {
				LastUpgradeCheck = 0420;
			};
			buildConfigurationList = 43AA352D14D999AF00670E46 /* Build configuration list for PBXProject "NetHack" */;
			compatibilityVersion = "Xcode 3.2";
			developmentRegion = English;
			hasScannedForEncodings = 0;
			knownRegions = (
				en,
			);
			mainGroup = 43AA352814D999AF00670E46;
			productRefGroup = 43AA353414D999AF00670E46 /* Products */;
			projectDirPath = "";
			projectRoot = "";
			targets = (
				43AA353214D999AF00670E46 /* NetHack */,
			);
		};
/* End PBXProject section */

/* Begin PBXResourcesBuildPhase section */
		43AA353114D999AF00670E46 /* Resources */ = {
			isa = PBXResourcesBuildPhase;
			buildActionMask = 2147483647;
			files = (
				43AA354214D999AF00670E46 /* InfoPlist.strings in Resources */,
			);
			runOnlyForDeploymentPostprocessing = 0;
		};
/* End PBXResourcesBuildPhase section */

/* Begin PBXSourcesBuildPhase section */
		43AA352F14D999AF00670E46 /* Sources */ = {
			isa = PBXSourcesBuildPhase;
			buildActionMask = 2147483647;
			files = (
				43AA354414D999AF00670E46 /* main.m in Sources */,
				43AA354814D999B000670E46 /* NetHackAppDelegate.m in Sources */,
			);
			runOnlyForDeploymentPostprocessing = 0;
		};
/* End PBXSourcesBuildPhase section */

/* Begin PBXVariantGroup section */
		43AA354014D999AF00670E46 /* InfoPlist.strings */ = {
			isa = PBXVariantGroup;
			children = (
				43AA354114D999AF00670E46 /* en */,
			);
			name = InfoPlist.strings;
			sourceTree = "<group>";
		};
/* End PBXVariantGroup section */

/* Begin XCBuildConfiguration section */
		43AA354914D999B000670E46 /* Debug */ = {
			isa = XCBuildConfiguration;
			buildSettings = {
				ALWAYS_SEARCH_USER_PATHS = NO;
				ARCHS = "$(ARCHS_STANDARD_32_BIT)";
				"CODE_SIGN_IDENTITY[sdk=iphoneos*]" = "iPhone Developer";
				COPY_PHASE_STRIP = NO;
				GCC_C_LANGUAGE_STANDARD = gnu99;
				GCC_DYNAMIC_NO_PIC = NO;
				GCC_OPTIMIZATION_LEVEL = 0;
				GCC_PREPROCESSOR_DEFINITIONS = "$(inherited)";
				GCC_SYMBOLS_PRIVATE_EXTERN = NO;
				GCC_VERSION = com.apple.compilers.llvm.clang.1_0;
				GCC_WARN_ABOUT_MISSING_PROTOTYPES = YES;
				GCC_WARN_ABOUT_RETURN_TYPE = YES;
				GCC_WARN_UNUSED_VARIABLE = YES;
				IPHONEOS_DEPLOYMENT_TARGET = 5.0;
				SDKROOT = iphoneos;
				TARGETED_DEVICE_FAMILY = 2;
			};
			name = Debug;
		};
		43AA354A14D999B000670E46 /* Release */ = {
			isa = XCBuildConfiguration;
			buildSettings = {
				ALWAYS_SEARCH_USER_PATHS = NO;
				ARCHS = "$(ARCHS_STANDARD_32_BIT)";
				"CODE_SIGN_IDENTITY[sdk=iphoneos*]" = "iPhone Developer";
				COPY_PHASE_STRIP = YES;
				GCC_C_LANGUAGE_STANDARD = gnu99;
				GCC_VERSION = com.apple.compilers.llvm.clang.1_0;
				GCC_WARN_ABOUT_MISSING_PROTOTYPES = YES;
				GCC_WARN_ABOUT_RETURN_TYPE = YES;
				GCC_WARN_UNUSED_VARIABLE = YES;
				IPHONEOS_DEPLOYMENT_TARGET = 5.0;
				OTHER_CFLAGS = "-DNS_BLOCK_ASSERTIONS=1";
				SDKROOT = iphoneos;
				TARGETED_DEVICE_FAMILY = 2;
				VALIDATE_PRODUCT = YES;
			};
			name = Release;
		};
		43AA354C14D999B000670E46 /* Debug */ = {
			isa = XCBuildConfiguration;
			buildSettings = {
				GCC_PRECOMPILE_PREFIX_HEADER = YES;
				GCC_PREFIX_HEADER = "NetHack/NetHack-Prefix.pch";
				INFOPLIST_FILE = "NetHack/NetHack-Info.plist";
				PRODUCT_NAME = "$(TARGET_NAME)";
				WRAPPER_EXTENSION = app;
			};
			name = Debug;
		};
		43AA354D14D999B000670E46 /* Release */ = {
			isa = XCBuildConfiguration;
			buildSettings = {
				GCC_PRECOMPILE_PREFIX_HEADER = YES;
				GCC_PREFIX_HEADER = "NetHack/NetHack-Prefix.pch";
				INFOPLIST_FILE = "NetHack/NetHack-Info.plist";
				PRODUCT_NAME = "$(TARGET_NAME)";
				WRAPPER_EXTENSION = app;
			};
			name = Release;
		};
/* End XCBuildConfiguration section */

/* Begin XCConfigurationList section */
		43AA352D14D999AF00670E46 /* Build configuration list for PBXProject "NetHack" */ = {
			isa = XCConfigurationList;
			buildConfigurations = (
				43AA354914D999B000670E46 /* Debug */,
				43AA354A14D999B000670E46 /* Release */,
			);
			defaultConfigurationIsVisible = 0;
			defaultConfigurationName = Release;
		};
		43AA354B14D999B000670E46 /* Build configuration list for PBXNativeTarget "NetHack" */ = {
			isa = XCConfigurationList;
			buildConfigurations = (
				43AA354C14D999B000670E46 /* Debug */,
				43AA354D14D999B000670E46 /* Release */,
			);
			defaultConfigurationIsVisible = 0;
			defaultConfigurationName = Release;
		};
/* End XCConfigurationList section */
	};
	rootObject = 43AA352A14D999AF00670E46 /* Project object */;
}
